<?xml version="1.0" encoding="utf-8"?>
<Project ToolsVersion="18.0" xmlns="http://schemas.microsoft.com/developer/msbuild/2003">
  <ItemGroup>
    <CustomBuild Include="C:\Users\Nezeryxs\source\repos\ScumChecker\build_native_scanner\CMakeFiles\30f8f2a4911afa524aba5aea5afe4558\generate.stamp.rule">
      <Filter>CMake Rules</Filter>
    </CustomBuild>
  </ItemGroup>
  <ItemGroup>
    <Filter Include="CMake Rules">
      <UniqueIdentifier>{9C5B2386-CD9F-30EB-ABA4-2529205E56D4}</UniqueIdentifier>
    </Filter>
  </ItemGroup>
</Project>
